
Microsoft Visual Studio Solution File, Format Version 12.00
# Visual Studio Version 16
VisualStudioVersion = 16.0.34301.259
MinimumVisualStudioVersion = 10.0.40219.1
Project("{FAE04EC0-301F-11D3-BF4B-00C04F79EFBC}") = "EVENT-MODE", "EVENT-MODE\EVENT-MODE.csproj", "{C3A8741A-E342-49C5-8A0E-F0357AA20D0D}"
EndProject
Global
	GlobalSection(SolutionConfigurationPlatforms) = preSolution
		Debug|Any CPU = Debug|Any CPU
		Release|Any CPU = Release|Any CPU
	EndGlobalSection
	GlobalSection(ProjectConfigurationPlatforms) = postSolution
		{C3A8741A-E342-49C5-8A0E-F0357AA20D0D}.Debug|Any CPU.ActiveCfg = Debug|Any CPU
		{C3A8741A-E342-49C5-8A0E-F0357AA20D0D}.Debug|Any CPU.Build.0 = Debug|Any CPU
		{C3A8741A-E342-49C5-8A0E-F0357AA20D0D}.Release|Any CPU.ActiveCfg = Release|Any CPU
		{C3A8741A-E342-49C5-8A0E-F0357AA20D0D}.Release|Any CPU.Build.0 = Release|Any CPU
	EndGlobalSection
	GlobalSection(SolutionProperties) = preSolution
		HideSolutionNode = FALSE
	EndGlobalSection
	GlobalSection(ExtensibilityGlobals) = postSolution
		SolutionGuid = {2BFFB2E2-EF37-4661-8738-79974B1D093D}
	EndGlobalSection
EndGlobal
